
Microsoft Visual Studio Solution File, Format Version 12.00
# Visual Studio Version 16
VisualStudioVersion = 16.0.34031.81
MinimumVisualStudioVersion = 10.0.40219.1
Project("{2150E333-8FDC-42A3-9474-1A3956D46DE8}") = "Task0", "Task0", "{F24F1619-1DEE-4165-B43B-B15D52C4297A}"
EndProject
Project("{FAE04EC0-301F-11D3-BF4B-00C04F79EFBC}") = "Tyuiu.FominIN.Sprint1.Task0.V4", "Tyuiu.FominIN.Sprint1.Task0.V4\Tyuiu.FominIN.Sprint1.Task0.V4.csproj", "{93CC5092-6EDE-43B3-A8B5-84AB5BE211F8}"
EndProject
Project("{FAE04EC0-301F-11D3-BF4B-00C04F79EFBC}") = "Tyuiu.FominIN.Sprint1.Task0.V4.Lib", "Tyuiu.FominIN.Sprint1.Task0.V4.Lib\Tyuiu.FominIN.Sprint1.Task0.V4.Lib.csproj", "{E1BC159F-1A2C-4837-B979-F36EF466E3AF}"
EndProject
Project("{FAE04EC0-301F-11D3-BF4B-00C04F79EFBC}") = "Tyuiu.FominIN.Sprint1.Task0.V4.Test", "Tyuiu.FominIN.Sprint1.Task0.V4.Test\Tyuiu.FominIN.Sprint1.Task0.V4.Test.csproj", "{C73FAB68-1DDF-44EB-A876-D2809A417218}"
EndProject
Project("{2150E333-8FDC-42A3-9474-1A3956D46DE8}") = "Task1", "Task1", "{14D61A1F-6C03-4501-9C45-4F67A0AF866B}"
EndProject
Project("{FAE04EC0-301F-11D3-BF4B-00C04F79EFBC}") = "Tyuiu.FominIN.Sprint1.Task1.V26", "Tyuiu.FominIN.Sprint1.Task1.V26\Tyuiu.FominIN.Sprint1.Task1.V26.csproj", "{FA28E77E-E625-417F-8022-5A448C66834D}"
EndProject
Project("{FAE04EC0-301F-11D3-BF4B-00C04F79EFBC}") = "Tyuiu.FominIN.Sprint1.Task1.V26.Lib", "Tyuiu.FominIN.Sprint1.Task1.V26.Lib\Tyuiu.FominIN.Sprint1.Task1.V26.Lib.csproj", "{BFA6D961-A378-40AF-88D2-FAC1CCEFFDBA}"
EndProject
Project("{FAE04EC0-301F-11D3-BF4B-00C04F79EFBC}") = "Tyuiu.FominIN.Sprint1.Task1.V26.Test", "Tyuiu.FominIN.Sprint1.Task1.V26.Test\Tyuiu.FominIN.Sprint1.Task1.V26.Test.csproj", "{6A3AF435-B9C4-4AD1-AF44-C447EFBA2016}"
EndProject
Global
	GlobalSection(SolutionConfigurationPlatforms) = preSolution
		Debug|Any CPU = Debug|Any CPU
		Release|Any CPU = Release|Any CPU
	EndGlobalSection
	GlobalSection(ProjectConfigurationPlatforms) = postSolution
		{93CC5092-6EDE-43B3-A8B5-84AB5BE211F8}.Debug|Any CPU.ActiveCfg = Debug|Any CPU
		{93CC5092-6EDE-43B3-A8B5-84AB5BE211F8}.Debug|Any CPU.Build.0 = Debug|Any CPU
		{93CC5092-6EDE-43B3-A8B5-84AB5BE211F8}.Release|Any CPU.ActiveCfg = Release|Any CPU
		{93CC5092-6EDE-43B3-A8B5-84AB5BE211F8}.Release|Any CPU.Build.0 = Release|Any CPU
		{E1BC159F-1A2C-4837-B979-F36EF466E3AF}.Debug|Any CPU.ActiveCfg = Debug|Any CPU
		{E1BC159F-1A2C-4837-B979-F36EF466E3AF}.Debug|Any CPU.Build.0 = Debug|Any CPU
		{E1BC159F-1A2C-4837-B979-F36EF466E3AF}.Release|Any CPU.ActiveCfg = Release|Any CPU
		{E1BC159F-1A2C-4837-B979-F36EF466E3AF}.Release|Any CPU.Build.0 = Release|Any CPU
		{C73FAB68-1DDF-44EB-A876-D2809A417218}.Debug|Any CPU.ActiveCfg = Debug|Any CPU
		{C73FAB68-1DDF-44EB-A876-D2809A417218}.Debug|Any CPU.Build.0 = Debug|Any CPU
		{C73FAB68-1DDF-44EB-A876-D2809A417218}.Release|Any CPU.ActiveCfg = Release|Any CPU
		{C73FAB68-1DDF-44EB-A876-D2809A417218}.Release|Any CPU.Build.0 = Release|Any CPU
		{FA28E77E-E625-417F-8022-5A448C66834D}.Debug|Any CPU.ActiveCfg = Debug|Any CPU
		{FA28E77E-E625-417F-8022-5A448C66834D}.Debug|Any CPU.Build.0 = Debug|Any CPU
		{FA28E77E-E625-417F-8022-5A448C66834D}.Release|Any CPU.ActiveCfg = Release|Any CPU
		{FA28E77E-E625-417F-8022-5A448C66834D}.Release|Any CPU.Build.0 = Release|Any CPU
		{BFA6D961-A378-40AF-88D2-FAC1CCEFFDBA}.Debug|Any CPU.ActiveCfg = Debug|Any CPU
		{BFA6D961-A378-40AF-88D2-FAC1CCEFFDBA}.Debug|Any CPU.Build.0 = Debug|Any CPU
		{BFA6D961-A378-40AF-88D2-FAC1CCEFFDBA}.Release|Any CPU.ActiveCfg = Release|Any CPU
		{BFA6D961-A378-40AF-88D2-FAC1CCEFFDBA}.Release|Any CPU.Build.0 = Release|Any CPU
		{6A3AF435-B9C4-4AD1-AF44-C447EFBA2016}.Debug|Any CPU.ActiveCfg = Debug|Any CPU
		{6A3AF435-B9C4-4AD1-AF44-C447EFBA2016}.Debug|Any CPU.Build.0 = Debug|Any CPU
		{6A3AF435-B9C4-4AD1-AF44-C447EFBA2016}.Release|Any CPU.ActiveCfg = Release|Any CPU
		{6A3AF435-B9C4-4AD1-AF44-C447EFBA2016}.Release|Any CPU.Build.0 = Release|Any CPU
	EndGlobalSection
	GlobalSection(SolutionProperties) = preSolution
		HideSolutionNode = FALSE
	EndGlobalSection
	GlobalSection(NestedProjects) = preSolution
		{93CC5092-6EDE-43B3-A8B5-84AB5BE211F8} = {F24F1619-1DEE-4165-B43B-B15D52C4297A}
		{E1BC159F-1A2C-4837-B979-F36EF466E3AF} = {F24F1619-1DEE-4165-B43B-B15D52C4297A}
		{C73FAB68-1DDF-44EB-A876-D2809A417218} = {F24F1619-1DEE-4165-B43B-B15D52C4297A}
		{FA28E77E-E625-417F-8022-5A448C66834D} = {14D61A1F-6C03-4501-9C45-4F67A0AF866B}
		{BFA6D961-A378-40AF-88D2-FAC1CCEFFDBA} = {14D61A1F-6C03-4501-9C45-4F67A0AF866B}
		{6A3AF435-B9C4-4AD1-AF44-C447EFBA2016} = {14D61A1F-6C03-4501-9C45-4F67A0AF866B}
	EndGlobalSection
	GlobalSection(ExtensibilityGlobals) = postSolution
		SolutionGuid = {19A2CAAA-27A2-4372-9E7B-C3BD9EDFCC87}
	EndGlobalSection
EndGlobal
